<?xml version="1.0" encoding="utf-8"?>
<Project ToolsVersion="4.0" xmlns="http://schemas.microsoft.com/developer/msbuild/2003">
  <ItemGroup>
    <None Include=".clang-format" />
  </ItemGroup>
  <ItemGroup>
    <Filter Include="src">
      <UniqueIdentifier>{97a54974-8c83-451a-bb89-000506e909b2}</UniqueIdentifier>
    </Filter>
  </ItemGroup>
  <ItemGroup>
    <ClInclude Include="src\Vector3.hpp">
      <Filter>src</Filter>
    </ClInclude>
    <ClInclude Include="src\IGeometryPrimitive.hpp">
      <Filter>src</Filter>
    </ClInclude>
    <ClInclude Include="src\Material.hpp">
      <Filter>src</Filter>
    </ClInclude>
  </ItemGroup>
  <ItemGroup>
    <ClCompile Include="src\main.cpp">
      <Filter>src</Filter>
    </ClCompile>
    <ClCompile Include="src\IGeometryPrimitive.cpp">
      <Filter>src</Filter>
    </ClCompile>
  </ItemGroup>
</Project>